
Microsoft Visual Studio Solution File, Format Version 12.00
# Visual Studio 11
Project("{FAE04EC0-301F-11D3-BF4B-00C04F79EFBC}") = "Silverlight5", "Silverlight5\Silverlight5.csproj", "{27A2C36A-02E6-4A65-B562-2B546EE0765F}"
EndProject
Project("{FAE04EC0-301F-11D3-BF4B-00C04F79EFBC}") = "AtomicMVVM (Silverlight 5)", "..\..\Source\AtomicMVVM\AtomicMVVM (Silverlight 5)\AtomicMVVM (Silverlight 5).csproj", "{ABA3D029-B043-4717-AA07-A82D5063F787}"
EndProject
Global
	GlobalSection(SolutionConfigurationPlatforms) = preSolution
		Debug|Any CPU = Debug|Any CPU
		Release|Any CPU = Release|Any CPU
	EndGlobalSection
	GlobalSection(ProjectConfigurationPlatforms) = postSolution
		{27A2C36A-02E6-4A65-B562-2B546EE0765F}.Debug|Any CPU.ActiveCfg = Debug|Any CPU
		{27A2C36A-02E6-4A65-B562-2B546EE0765F}.Debug|Any CPU.Build.0 = Debug|Any CPU
		{27A2C36A-02E6-4A65-B562-2B546EE0765F}.Release|Any CPU.ActiveCfg = Release|Any CPU
		{27A2C36A-02E6-4A65-B562-2B546EE0765F}.Release|Any CPU.Build.0 = Release|Any CPU
		{ABA3D029-B043-4717-AA07-A82D5063F787}.Debug|Any CPU.ActiveCfg = Debug|Any CPU
		{ABA3D029-B043-4717-AA07-A82D5063F787}.Debug|Any CPU.Build.0 = Debug|Any CPU
		{ABA3D029-B043-4717-AA07-A82D5063F787}.Release|Any CPU.ActiveCfg = Release|Any CPU
		{ABA3D029-B043-4717-AA07-A82D5063F787}.Release|Any CPU.Build.0 = Release|Any CPU
	EndGlobalSection
	GlobalSection(SolutionProperties) = preSolution
		HideSolutionNode = FALSE
	EndGlobalSection
EndGlobal
