
Microsoft Visual Studio Solution File, Format Version 12.00
# Visual Studio 2012
Project("{FAE04EC0-301F-11D3-BF4B-00C04F79EFBC}") = "GeneralDemo", "GeneralDemo\GeneralDemo.csproj", "{A65CC140-1E5B-409B-B6E3-1F1439E52B10}"
EndProject
Project("{FAE04EC0-301F-11D3-BF4B-00C04F79EFBC}") = "AtomicMVVM (4.5)", "..\..\Source\AtomicMVVM\AtomicMVVM (4.5)\AtomicMVVM (4.5).csproj", "{9FB37F00-3B38-441C-8800-2E380FC2FD91}"
EndProject
Global
	GlobalSection(SolutionConfigurationPlatforms) = preSolution
		Debug|Any CPU = Debug|Any CPU
		Release|Any CPU = Release|Any CPU
	EndGlobalSection
	GlobalSection(ProjectConfigurationPlatforms) = postSolution
		{9FB37F00-3B38-441C-8800-2E380FC2FD91}.Debug|Any CPU.ActiveCfg = Debug|Any CPU
		{9FB37F00-3B38-441C-8800-2E380FC2FD91}.Debug|Any CPU.Build.0 = Debug|Any CPU
		{9FB37F00-3B38-441C-8800-2E380FC2FD91}.Release|Any CPU.ActiveCfg = Release|Any CPU
		{9FB37F00-3B38-441C-8800-2E380FC2FD91}.Release|Any CPU.Build.0 = Release|Any CPU
		{A65CC140-1E5B-409B-B6E3-1F1439E52B10}.Debug|Any CPU.ActiveCfg = Debug|Any CPU
		{A65CC140-1E5B-409B-B6E3-1F1439E52B10}.Debug|Any CPU.Build.0 = Debug|Any CPU
		{A65CC140-1E5B-409B-B6E3-1F1439E52B10}.Release|Any CPU.ActiveCfg = Release|Any CPU
		{A65CC140-1E5B-409B-B6E3-1F1439E52B10}.Release|Any CPU.Build.0 = Release|Any CPU
	EndGlobalSection
	GlobalSection(SolutionProperties) = preSolution
		HideSolutionNode = FALSE
	EndGlobalSection
EndGlobal
