
Microsoft Visual Studio Solution File, Format Version 12.00
# Visual Studio 2012
Project("{FAE04EC0-301F-11D3-BF4B-00C04F79EFBC}") = "AtomicMVVM", "AtomicMVVM\AtomicMVVM.csproj", "{27B5D238-468E-4BB4-92F3-DA281C75E882}"
EndProject
Project("{FAE04EC0-301F-11D3-BF4B-00C04F79EFBC}") = "AtomicMVVM (4.5)", "AtomicMVVM (4.5)\AtomicMVVM (4.5).csproj", "{9FB37F00-3B38-441C-8800-2E380FC2FD91}"
EndProject
Project("{FAE04EC0-301F-11D3-BF4B-00C04F79EFBC}") = "AtomicMVVM (Silverlight 5)", "AtomicMVVM (Silverlight 5)\AtomicMVVM (Silverlight 5).csproj", "{ABA3D029-B043-4717-AA07-A82D5063F787}"
EndProject
Project("{2150E333-8FDC-42A3-9474-1A3956D46DE8}") = "Nuget", "Nuget", "{6BBDE25C-9140-48A2-BE24-1ECC131A1AE8}"
	ProjectSection(SolutionItems) = preProject
		..\..\Nuget\AtomicMVVM.nuspec = ..\..\Nuget\AtomicMVVM.nuspec
		..\..\Nuget\AtomicStorage.nuspec = ..\..\Nuget\AtomicStorage.nuspec
		..\..\Nuget\Install.ps1 = ..\..\Nuget\Install.ps1
		..\..\Nuget\gogo atomicmvvm nuget.bat = ..\..\Nuget\gogo atomicmvvm nuget.bat
		..\..\Nuget\gogo-atomicstorage.bat = ..\..\Nuget\gogo-atomicstorage.bat
	EndProjectSection
EndProject
Project("{FAE04EC0-301F-11D3-BF4B-00C04F79EFBC}") = "AtomicMVVM (Metro)", "AtomicMVVM (Metro)\AtomicMVVM (Metro).csproj", "{82C0491B-122D-4700-AB4C-5C3854A018AE}"
EndProject
Project("{FAE04EC0-301F-11D3-BF4B-00C04F79EFBC}") = "AtomicStorage (Metro)", "..\AtomicStorage\AtomicStorage (Metro)\AtomicStorage (Metro).csproj", "{BC723D4B-C455-438E-B99F-A07F809F735C}"
EndProject
Global
	GlobalSection(SolutionConfigurationPlatforms) = preSolution
		Debug|ARM = Debug|ARM
		Debug|Any CPU = Debug|Any CPU
		Debug|x64 = Debug|x64
		Debug|x86 = Debug|x86
		Release|ARM = Release|ARM
		Release|Any CPU = Release|Any CPU
		Release|x64 = Release|x64
		Release|x86 = Release|x86
	EndGlobalSection
	GlobalSection(ProjectConfigurationPlatforms) = postSolution
		{27B5D238-468E-4BB4-92F3-DA281C75E882}.Debug|ARM.ActiveCfg = Debug|Any CPU
		{27B5D238-468E-4BB4-92F3-DA281C75E882}.Debug|Any CPU.ActiveCfg = Debug|Any CPU
		{27B5D238-468E-4BB4-92F3-DA281C75E882}.Debug|Any CPU.Build.0 = Debug|Any CPU
		{27B5D238-468E-4BB4-92F3-DA281C75E882}.Debug|x64.ActiveCfg = Debug|Any CPU
		{27B5D238-468E-4BB4-92F3-DA281C75E882}.Debug|x86.ActiveCfg = Debug|Any CPU
		{27B5D238-468E-4BB4-92F3-DA281C75E882}.Release|ARM.ActiveCfg = Release|Any CPU
		{27B5D238-468E-4BB4-92F3-DA281C75E882}.Release|Any CPU.ActiveCfg = Release|Any CPU
		{27B5D238-468E-4BB4-92F3-DA281C75E882}.Release|Any CPU.Build.0 = Release|Any CPU
		{27B5D238-468E-4BB4-92F3-DA281C75E882}.Release|x64.ActiveCfg = Release|Any CPU
		{27B5D238-468E-4BB4-92F3-DA281C75E882}.Release|x86.ActiveCfg = Release|Any CPU
		{82C0491B-122D-4700-AB4C-5C3854A018AE}.Debug|ARM.ActiveCfg = Debug|ARM
		{82C0491B-122D-4700-AB4C-5C3854A018AE}.Debug|ARM.Build.0 = Debug|ARM
		{82C0491B-122D-4700-AB4C-5C3854A018AE}.Debug|Any CPU.ActiveCfg = Debug|Any CPU
		{82C0491B-122D-4700-AB4C-5C3854A018AE}.Debug|Any CPU.Build.0 = Debug|Any CPU
		{82C0491B-122D-4700-AB4C-5C3854A018AE}.Debug|x64.ActiveCfg = Debug|x64
		{82C0491B-122D-4700-AB4C-5C3854A018AE}.Debug|x64.Build.0 = Debug|x64
		{82C0491B-122D-4700-AB4C-5C3854A018AE}.Debug|x86.ActiveCfg = Debug|x86
		{82C0491B-122D-4700-AB4C-5C3854A018AE}.Debug|x86.Build.0 = Debug|x86
		{82C0491B-122D-4700-AB4C-5C3854A018AE}.Release|ARM.ActiveCfg = Release|ARM
		{82C0491B-122D-4700-AB4C-5C3854A018AE}.Release|ARM.Build.0 = Release|ARM
		{82C0491B-122D-4700-AB4C-5C3854A018AE}.Release|Any CPU.ActiveCfg = Release|Any CPU
		{82C0491B-122D-4700-AB4C-5C3854A018AE}.Release|Any CPU.Build.0 = Release|Any CPU
		{82C0491B-122D-4700-AB4C-5C3854A018AE}.Release|x64.ActiveCfg = Release|x64
		{82C0491B-122D-4700-AB4C-5C3854A018AE}.Release|x64.Build.0 = Release|x64
		{82C0491B-122D-4700-AB4C-5C3854A018AE}.Release|x86.ActiveCfg = Release|x86
		{82C0491B-122D-4700-AB4C-5C3854A018AE}.Release|x86.Build.0 = Release|x86
		{9FB37F00-3B38-441C-8800-2E380FC2FD91}.Debug|ARM.ActiveCfg = Debug|Any CPU
		{9FB37F00-3B38-441C-8800-2E380FC2FD91}.Debug|Any CPU.ActiveCfg = Debug|Any CPU
		{9FB37F00-3B38-441C-8800-2E380FC2FD91}.Debug|Any CPU.Build.0 = Debug|Any CPU
		{9FB37F00-3B38-441C-8800-2E380FC2FD91}.Debug|x64.ActiveCfg = Debug|Any CPU
		{9FB37F00-3B38-441C-8800-2E380FC2FD91}.Debug|x86.ActiveCfg = Debug|Any CPU
		{9FB37F00-3B38-441C-8800-2E380FC2FD91}.Release|ARM.ActiveCfg = Release|Any CPU
		{9FB37F00-3B38-441C-8800-2E380FC2FD91}.Release|Any CPU.ActiveCfg = Release|Any CPU
		{9FB37F00-3B38-441C-8800-2E380FC2FD91}.Release|Any CPU.Build.0 = Release|Any CPU
		{9FB37F00-3B38-441C-8800-2E380FC2FD91}.Release|x64.ActiveCfg = Release|Any CPU
		{9FB37F00-3B38-441C-8800-2E380FC2FD91}.Release|x86.ActiveCfg = Release|Any CPU
		{ABA3D029-B043-4717-AA07-A82D5063F787}.Debug|ARM.ActiveCfg = Debug|Any CPU
		{ABA3D029-B043-4717-AA07-A82D5063F787}.Debug|Any CPU.ActiveCfg = Debug|Any CPU
		{ABA3D029-B043-4717-AA07-A82D5063F787}.Debug|Any CPU.Build.0 = Debug|Any CPU
		{ABA3D029-B043-4717-AA07-A82D5063F787}.Debug|x64.ActiveCfg = Debug|Any CPU
		{ABA3D029-B043-4717-AA07-A82D5063F787}.Debug|x86.ActiveCfg = Debug|Any CPU
		{ABA3D029-B043-4717-AA07-A82D5063F787}.Release|ARM.ActiveCfg = Release|Any CPU
		{ABA3D029-B043-4717-AA07-A82D5063F787}.Release|Any CPU.ActiveCfg = Release|Any CPU
		{ABA3D029-B043-4717-AA07-A82D5063F787}.Release|Any CPU.Build.0 = Release|Any CPU
		{ABA3D029-B043-4717-AA07-A82D5063F787}.Release|x64.ActiveCfg = Release|Any CPU
		{ABA3D029-B043-4717-AA07-A82D5063F787}.Release|x86.ActiveCfg = Release|Any CPU
		{BC723D4B-C455-438E-B99F-A07F809F735C}.Debug|ARM.ActiveCfg = Debug|ARM
		{BC723D4B-C455-438E-B99F-A07F809F735C}.Debug|ARM.Build.0 = Debug|ARM
		{BC723D4B-C455-438E-B99F-A07F809F735C}.Debug|Any CPU.ActiveCfg = Debug|Any CPU
		{BC723D4B-C455-438E-B99F-A07F809F735C}.Debug|Any CPU.Build.0 = Debug|Any CPU
		{BC723D4B-C455-438E-B99F-A07F809F735C}.Debug|x64.ActiveCfg = Debug|x64
		{BC723D4B-C455-438E-B99F-A07F809F735C}.Debug|x64.Build.0 = Debug|x64
		{BC723D4B-C455-438E-B99F-A07F809F735C}.Debug|x86.ActiveCfg = Debug|x86
		{BC723D4B-C455-438E-B99F-A07F809F735C}.Debug|x86.Build.0 = Debug|x86
		{BC723D4B-C455-438E-B99F-A07F809F735C}.Release|ARM.ActiveCfg = Release|ARM
		{BC723D4B-C455-438E-B99F-A07F809F735C}.Release|ARM.Build.0 = Release|ARM
		{BC723D4B-C455-438E-B99F-A07F809F735C}.Release|Any CPU.ActiveCfg = Release|Any CPU
		{BC723D4B-C455-438E-B99F-A07F809F735C}.Release|Any CPU.Build.0 = Release|Any CPU
		{BC723D4B-C455-438E-B99F-A07F809F735C}.Release|x64.ActiveCfg = Release|x64
		{BC723D4B-C455-438E-B99F-A07F809F735C}.Release|x64.Build.0 = Release|x64
		{BC723D4B-C455-438E-B99F-A07F809F735C}.Release|x86.ActiveCfg = Release|x86
		{BC723D4B-C455-438E-B99F-A07F809F735C}.Release|x86.Build.0 = Release|x86
	EndGlobalSection
	GlobalSection(SolutionProperties) = preSolution
		HideSolutionNode = FALSE
	EndGlobalSection
EndGlobal
