
Microsoft Visual Studio Solution File, Format Version 12.00
# Visual Studio 2010 Express for Windows Phone
Project("{FAE04EC0-301F-11D3-BF4B-00C04F79EFBC}") = "AtomicMVVM (WP7.1)", "..\..\Source\AtomicMVVM\AtommicMVVM (WP7.1)\AtomicMVVM (WP7.1).csproj", "{D4A51848-E82D-4A36-B560-6B1D5CBDC08B}"
EndProject
Project("{FAE04EC0-301F-11D3-BF4B-00C04F79EFBC}") = "WP71Demo", "WP71Demo\WP71Demo.csproj", "{D0E08B3F-9AE4-48DA-A3E0-F349B15E108D}"
EndProject
Global
	GlobalSection(SolutionConfigurationPlatforms) = preSolution
		Debug|Any CPU = Debug|Any CPU
		Release|Any CPU = Release|Any CPU
	EndGlobalSection
	GlobalSection(ProjectConfigurationPlatforms) = postSolution
		{D4A51848-E82D-4A36-B560-6B1D5CBDC08B}.Debug|Any CPU.ActiveCfg = Debug|Any CPU
		{D4A51848-E82D-4A36-B560-6B1D5CBDC08B}.Debug|Any CPU.Build.0 = Debug|Any CPU
		{D4A51848-E82D-4A36-B560-6B1D5CBDC08B}.Release|Any CPU.ActiveCfg = Release|Any CPU
		{D4A51848-E82D-4A36-B560-6B1D5CBDC08B}.Release|Any CPU.Build.0 = Release|Any CPU
		{D0E08B3F-9AE4-48DA-A3E0-F349B15E108D}.Debug|Any CPU.ActiveCfg = Debug|Any CPU
		{D0E08B3F-9AE4-48DA-A3E0-F349B15E108D}.Debug|Any CPU.Build.0 = Debug|Any CPU
		{D0E08B3F-9AE4-48DA-A3E0-F349B15E108D}.Debug|Any CPU.Deploy.0 = Debug|Any CPU
		{D0E08B3F-9AE4-48DA-A3E0-F349B15E108D}.Release|Any CPU.ActiveCfg = Release|Any CPU
		{D0E08B3F-9AE4-48DA-A3E0-F349B15E108D}.Release|Any CPU.Build.0 = Release|Any CPU
		{D0E08B3F-9AE4-48DA-A3E0-F349B15E108D}.Release|Any CPU.Deploy.0 = Release|Any CPU
	EndGlobalSection
	GlobalSection(SolutionProperties) = preSolution
		HideSolutionNode = FALSE
	EndGlobalSection
EndGlobal
